
Microsoft Visual Studio Solution File, Format Version 12.00
# Visual Studio Version 16
VisualStudioVersion = 16.0.29503.13
MinimumVisualStudioVersion = 10.0.40219.1
Project("{9A19103F-16F7-4668-BE54-9A1E7A4F7556}") = "ShuffleDeck", "ShuffleDeck\ShuffleDeck.csproj", "{5B4A1397-0DDF-4C08-85DE-7035351ECC3C}"
EndProject
Project("{9A19103F-16F7-4668-BE54-9A1E7A4F7556}") = "ShuffleDeck.Web", "ShuffleDeck.Web\ShuffleDeck.Web.csproj", "{7DBEF0C5-09F6-4DDE-ACE1-85EA0AC2BC94}"
EndProject
Global
	GlobalSection(SolutionConfigurationPlatforms) = preSolution
		Debug|Any CPU = Debug|Any CPU
		Release|Any CPU = Release|Any CPU
	EndGlobalSection
	GlobalSection(ProjectConfigurationPlatforms) = postSolution
		{5B4A1397-0DDF-4C08-85DE-7035351ECC3C}.Debug|Any CPU.ActiveCfg = Debug|Any CPU
		{5B4A1397-0DDF-4C08-85DE-7035351ECC3C}.Debug|Any CPU.Build.0 = Debug|Any CPU
		{5B4A1397-0DDF-4C08-85DE-7035351ECC3C}.Release|Any CPU.ActiveCfg = Release|Any CPU
		{5B4A1397-0DDF-4C08-85DE-7035351ECC3C}.Release|Any CPU.Build.0 = Release|Any CPU
		{7DBEF0C5-09F6-4DDE-ACE1-85EA0AC2BC94}.Debug|Any CPU.ActiveCfg = Debug|Any CPU
		{7DBEF0C5-09F6-4DDE-ACE1-85EA0AC2BC94}.Debug|Any CPU.Build.0 = Debug|Any CPU
		{7DBEF0C5-09F6-4DDE-ACE1-85EA0AC2BC94}.Release|Any CPU.ActiveCfg = Release|Any CPU
		{7DBEF0C5-09F6-4DDE-ACE1-85EA0AC2BC94}.Release|Any CPU.Build.0 = Release|Any CPU
	EndGlobalSection
	GlobalSection(SolutionProperties) = preSolution
		HideSolutionNode = FALSE
	EndGlobalSection
	GlobalSection(ExtensibilityGlobals) = postSolution
		SolutionGuid = {9482A0AE-05BD-4305-9663-46E47C8B23DA}
	EndGlobalSection
EndGlobal
